
Microsoft Visual Studio Solution File, Format Version 12.00
# Visual Studio Version 17
VisualStudioVersion = 17.0.31903.59
MinimumVisualStudioVersion = 10.0.40219.1
Project("{2150E333-8FDC-42A3-9474-1A3956D46DE8}") = "Services", "Services", "{D3421888-5AEF-4D20-8D67-20E9F0996150}"
EndProject
Project("{2150E333-8FDC-42A3-9474-1A3956D46DE8}") = "Authentications", "Authentications", "{D6709A69-7251-464B-BCFB-ACCFE5546B53}"
EndProject
Project("{FAE04EC0-301F-11D3-BF4B-0000F81FEE1B}") = "Authentication.Api", "src\Services\Authentications\Authentication.Api\Authentication.Api.csproj", "{92D1DB03-0FBF-4A43-A454-9D8BF49242A1}"
EndProject
Project("{FAE04EC0-301F-11D3-BF4B-0000F81FEE1B}") = "Authentication.Application", "src\Services\Authentications\Authentication.Application\Authentication.Application.csproj", "{DE40E881-D2C3-4546-A312-700301F22BB1}"
EndProject
Project("{FAE04EC0-301F-11D3-BF4B-0000F81FEE1B}") = "Authentication.Domain", "src\Services\Authentications\Authentication.Domain\Authentication.Domain.csproj", "{FAFD6A75-FF7B-4478-8F38-15292A11A3C4}"
EndProject
Project("{FAE04EC0-301F-11D3-BF4B-0000F81FEE1B}") = "Authentication.Infrastructure", "src\Services\Authentications\Authentication.Infrastructure\Authentication.Infrastructure.csproj", "{48347801-23C5-4F93-A297-21E641C7BA83}"
EndProject
Project("{2150E333-8FDC-42A3-9474-1A3956D46DE8}") = "Shared", "Shared", "{8D5D77B3-15B1-49B5-845C-57042D531DBC}"
EndProject
Project("{FAE04EC0-301F-11D3-BF4B-0000F81FEE1B}") = "Be.StoryVerse.ApiCommon", "src\Shared\Be.StoryVerse.ApiCommon\Be.StoryVerse.ApiCommon.csproj", "{4C3747BB-AABD-4953-8FDD-13B6269F7F9E}"
EndProject
Project("{FAE04EC0-301F-11D3-BF4B-0000F81FEE1B}") = "Be.StoryVerse.Cache", "src\Shared\Be.StoryVerse.Cache\Be.StoryVerse.Cache.csproj", "{7FB51E6B-4CEA-4FF8-A901-A099AB42CC2F}"
EndProject
Project("{FAE04EC0-301F-11D3-BF4B-0000F81FEE1B}") = "Be.StoryVerse.Core", "src\Shared\Be.StoryVerse.Core\Be.StoryVerse.Core.csproj", "{C93F7187-AFA2-415A-A866-9D6E628B2977}"
EndProject
Project("{FAE04EC0-301F-11D3-BF4B-0000F81FEE1B}") = "Be.StoryVerse.EventBus", "src\Shared\Be.StoryVerse.EventBus\Be.StoryVerse.EventBus.csproj", "{745D7841-C5C8-43BD-87DE-99C06C6C22D3}"
EndProject
Project("{FAE04EC0-301F-11D3-BF4B-0000F81FEE1B}") = "Be.StoryVerse.Shared", "src\Shared\Be.StoryVerse.Shared\Be.StoryVerse.Shared.csproj", "{6F288082-9CA2-42B0-9189-AADDCC3B906E}"
EndProject
Project("{2150E333-8FDC-42A3-9474-1A3956D46DE8}") = "Contents", "Contents", "{94E405B5-03D5-98E8-A1F8-B01959DCEB28}"
EndProject
Project("{FAE04EC0-301F-11D3-BF4B-00C04F79EFBC}") = "Content.Api", "src\Services\Contents\Content.Api\Content.Api.csproj", "{748EE150-5B7D-41F4-B0E4-4EE6F487E102}"
EndProject
Project("{FAE04EC0-301F-11D3-BF4B-00C04F79EFBC}") = "Content.Application", "src\Services\Contents\Content.Application\Content.Application.csproj", "{0F8A514A-2036-4654-AC0B-D318899D7554}"
EndProject
Project("{FAE04EC0-301F-11D3-BF4B-00C04F79EFBC}") = "Content.Domain", "src\Services\Contents\Content.Domain\Content.Domain.csproj", "{2A95C788-1C55-4917-864B-C6C235C64EDB}"
EndProject
Project("{FAE04EC0-301F-11D3-BF4B-00C04F79EFBC}") = "Content.Infrastructure", "src\Services\Contents\Content.Infrastructure\Content.Infrastructure.csproj", "{2CE281EF-9F9B-431C-BAAB-C4CCF2F9C65C}"
EndProject
Project("{2150E333-8FDC-42A3-9474-1A3956D46DE8}") = "Libraries", "Libraries", "{4118BFA2-BCC0-8ED8-68DD-9D245890E5C0}"
EndProject
Project("{FAE04EC0-301F-11D3-BF4B-00C04F79EFBC}") = "Library.Api", "src\Services\Libraries\Library.Api\Library.Api.csproj", "{17054765-5217-4B9A-89FE-1035B52C4598}"
EndProject
Project("{FAE04EC0-301F-11D3-BF4B-00C04F79EFBC}") = "Library.Application", "src\Services\Libraries\Library.Application\Library.Application.csproj", "{FBDFF2E7-A96B-45E1-91F2-8355B13F9F2B}"
EndProject
Project("{FAE04EC0-301F-11D3-BF4B-00C04F79EFBC}") = "Library.Domain", "src\Services\Libraries\Library.Domain\Library.Domain.csproj", "{5582FE11-F4F9-4D7A-9CA8-BC6AABDCBA0D}"
EndProject
Project("{FAE04EC0-301F-11D3-BF4B-00C04F79EFBC}") = "Library.Infrastructure", "src\Services\Libraries\Library.Infrastructure\Library.Infrastructure.csproj", "{F6701112-F1C5-4583-B329-B077F350F669}"
EndProject
Project("{2150E333-8FDC-42A3-9474-1A3956D46DE8}") = "Communities", "Communities", "{673DCC8E-3A57-A8FE-2F33-B7F036EEE4DD}"
EndProject
Project("{FAE04EC0-301F-11D3-BF4B-00C04F79EFBC}") = "Community.Api", "src\Services\Communities\Community.Api\Community.Api.csproj", "{ACBB3E44-6172-450E-8EFD-801BDD4A2486}"
EndProject
Project("{FAE04EC0-301F-11D3-BF4B-00C04F79EFBC}") = "Community.Application", "src\Services\Communities\Community.Application\Community.Application.csproj", "{FAC6E202-8DB1-43D1-9BDC-A59F5419F611}"
EndProject
Project("{FAE04EC0-301F-11D3-BF4B-00C04F79EFBC}") = "Community.Domain", "src\Services\Communities\Community.Domain\Community.Domain.csproj", "{7ECE10D7-6952-4444-A4B0-3A614CB3AEFD}"
EndProject
Project("{FAE04EC0-301F-11D3-BF4B-00C04F79EFBC}") = "Community.Infrastructure", "src\Services\Communities\Community.Infrastructure\Community.Infrastructure.csproj", "{46AF425A-3E66-4C41-9BAD-C386CB12C471}"
EndProject
Project("{2150E333-8FDC-42A3-9474-1A3956D46DE8}") = "Moderations", "Moderations", "{861EE85C-BDAA-D05A-BD7F-E25548D094F8}"
EndProject
Project("{FAE04EC0-301F-11D3-BF4B-00C04F79EFBC}") = "Moderation.Api", "src\Services\Moderations\Moderation.Api\Moderation.Api.csproj", "{3F6E497B-5F4A-45DA-82B1-D9D8EE962E9C}"
EndProject
Project("{FAE04EC0-301F-11D3-BF4B-00C04F79EFBC}") = "Moderation.Application", "src\Services\Moderations\Moderation.Application\Moderation.Application.csproj", "{8D775D4F-F1AF-4003-AD0D-A0E7066E2E52}"
EndProject
Project("{FAE04EC0-301F-11D3-BF4B-00C04F79EFBC}") = "Moderation.Domain", "src\Services\Moderations\Moderation.Domain\Moderation.Domain.csproj", "{1902C5AC-8F1C-4608-94CE-EB655A8EDE3E}"
EndProject
Project("{FAE04EC0-301F-11D3-BF4B-00C04F79EFBC}") = "Moderation.Infrastructure", "src\Services\Moderations\Moderation.Infrastructure\Moderation.Infrastructure.csproj", "{9C1CBBFA-242B-42E1-B3B0-DBC50E9A5443}"
EndProject
Project("{2150E333-8FDC-42A3-9474-1A3956D46DE8}") = "Notifications", "Notifications", "{4C0F172E-8DE8-6B86-D4B3-41CC2E497DC4}"
EndProject
Project("{FAE04EC0-301F-11D3-BF4B-00C04F79EFBC}") = "Notification.Api", "src\Services\Notifications\Notification.Api\Notification.Api.csproj", "{51A53C7B-38B1-4030-8266-3A3FC25E5CE6}"
EndProject
Project("{FAE04EC0-301F-11D3-BF4B-00C04F79EFBC}") = "Notification.Application", "src\Services\Notifications\Notification.Application\Notification.Application.csproj", "{5B95BC4A-78B2-4442-8E1E-945BE036F15D}"
EndProject
Project("{FAE04EC0-301F-11D3-BF4B-00C04F79EFBC}") = "Notification.Domain", "src\Services\Notifications\Notification.Domain\Notification.Domain.csproj", "{3EEB7D47-DEB8-4004-A466-3A9020D87FDC}"
EndProject
Project("{FAE04EC0-301F-11D3-BF4B-00C04F79EFBC}") = "Notification.Infrastructure", "src\Services\Notifications\Notification.Infrastructure\Notification.Infrastructure.csproj", "{F033B03A-6B2F-425A-A987-5E8EAF145C1C}"
EndProject
Global
	GlobalSection(SolutionConfigurationPlatforms) = preSolution
		Debug|Any CPU = Debug|Any CPU
		Debug|x64 = Debug|x64
		Debug|x86 = Debug|x86
		Release|Any CPU = Release|Any CPU
		Release|x64 = Release|x64
		Release|x86 = Release|x86
	EndGlobalSection
	GlobalSection(ProjectConfigurationPlatforms) = postSolution
		{92D1DB03-0FBF-4A43-A454-9D8BF49242A1}.Debug|Any CPU.ActiveCfg = Debug|Any CPU
		{92D1DB03-0FBF-4A43-A454-9D8BF49242A1}.Debug|Any CPU.Build.0 = Debug|Any CPU
		{92D1DB03-0FBF-4A43-A454-9D8BF49242A1}.Debug|x64.ActiveCfg = Debug|x64
		{92D1DB03-0FBF-4A43-A454-9D8BF49242A1}.Debug|x64.Build.0 = Debug|x64
		{92D1DB03-0FBF-4A43-A454-9D8BF49242A1}.Debug|x86.ActiveCfg = Debug|x86
		{92D1DB03-0FBF-4A43-A454-9D8BF49242A1}.Debug|x86.Build.0 = Debug|x86
		{92D1DB03-0FBF-4A43-A454-9D8BF49242A1}.Release|Any CPU.ActiveCfg = Release|Any CPU
		{92D1DB03-0FBF-4A43-A454-9D8BF49242A1}.Release|Any CPU.Build.0 = Release|Any CPU
		{92D1DB03-0FBF-4A43-A454-9D8BF49242A1}.Release|x64.ActiveCfg = Release|x64
		{92D1DB03-0FBF-4A43-A454-9D8BF49242A1}.Release|x64.Build.0 = Release|x64
		{92D1DB03-0FBF-4A43-A454-9D8BF49242A1}.Release|x86.ActiveCfg = Release|x86
		{92D1DB03-0FBF-4A43-A454-9D8BF49242A1}.Release|x86.Build.0 = Release|x86
		{DE40E881-D2C3-4546-A312-700301F22BB1}.Debug|Any CPU.ActiveCfg = Debug|Any CPU
		{DE40E881-D2C3-4546-A312-700301F22BB1}.Debug|Any CPU.Build.0 = Debug|Any CPU
		{DE40E881-D2C3-4546-A312-700301F22BB1}.Debug|x64.ActiveCfg = Debug|x64
		{DE40E881-D2C3-4546-A312-700301F22BB1}.Debug|x64.Build.0 = Debug|x64
		{DE40E881-D2C3-4546-A312-700301F22BB1}.Debug|x86.ActiveCfg = Debug|x86
		{DE40E881-D2C3-4546-A312-700301F22BB1}.Debug|x86.Build.0 = Debug|x86
		{DE40E881-D2C3-4546-A312-700301F22BB1}.Release|Any CPU.ActiveCfg = Release|Any CPU
		{DE40E881-D2C3-4546-A312-700301F22BB1}.Release|Any CPU.Build.0 = Release|Any CPU
		{DE40E881-D2C3-4546-A312-700301F22BB1}.Release|x64.ActiveCfg = Release|x64
		{DE40E881-D2C3-4546-A312-700301F22BB1}.Release|x64.Build.0 = Release|x64
		{DE40E881-D2C3-4546-A312-700301F22BB1}.Release|x86.ActiveCfg = Release|x86
		{DE40E881-D2C3-4546-A312-700301F22BB1}.Release|x86.Build.0 = Release|x86
		{FAFD6A75-FF7B-4478-8F38-15292A11A3C4}.Debug|Any CPU.ActiveCfg = Debug|Any CPU
		{FAFD6A75-FF7B-4478-8F38-15292A11A3C4}.Debug|Any CPU.Build.0 = Debug|Any CPU
		{FAFD6A75-FF7B-4478-8F38-15292A11A3C4}.Debug|x64.ActiveCfg = Debug|x64
		{FAFD6A75-FF7B-4478-8F38-15292A11A3C4}.Debug|x64.Build.0 = Debug|x64
		{FAFD6A75-FF7B-4478-8F38-15292A11A3C4}.Debug|x86.ActiveCfg = Debug|x86
		{FAFD6A75-FF7B-4478-8F38-15292A11A3C4}.Debug|x86.Build.0 = Debug|x86
		{FAFD6A75-FF7B-4478-8F38-15292A11A3C4}.Release|Any CPU.ActiveCfg = Release|Any CPU
		{FAFD6A75-FF7B-4478-8F38-15292A11A3C4}.Release|Any CPU.Build.0 = Release|Any CPU
		{FAFD6A75-FF7B-4478-8F38-15292A11A3C4}.Release|x64.ActiveCfg = Release|x64
		{FAFD6A75-FF7B-4478-8F38-15292A11A3C4}.Release|x64.Build.0 = Release|x64
		{FAFD6A75-FF7B-4478-8F38-15292A11A3C4}.Release|x86.ActiveCfg = Release|x86
		{FAFD6A75-FF7B-4478-8F38-15292A11A3C4}.Release|x86.Build.0 = Release|x86
		{48347801-23C5-4F93-A297-21E641C7BA83}.Debug|Any CPU.ActiveCfg = Debug|Any CPU
		{48347801-23C5-4F93-A297-21E641C7BA83}.Debug|Any CPU.Build.0 = Debug|Any CPU
		{48347801-23C5-4F93-A297-21E641C7BA83}.Debug|x64.ActiveCfg = Debug|x64
		{48347801-23C5-4F93-A297-21E641C7BA83}.Debug|x64.Build.0 = Debug|x64
		{48347801-23C5-4F93-A297-21E641C7BA83}.Debug|x86.ActiveCfg = Debug|x86
		{48347801-23C5-4F93-A297-21E641C7BA83}.Debug|x86.Build.0 = Debug|x86
		{48347801-23C5-4F93-A297-21E641C7BA83}.Release|Any CPU.ActiveCfg = Release|Any CPU
		{48347801-23C5-4F93-A297-21E641C7BA83}.Release|Any CPU.Build.0 = Release|Any CPU
		{48347801-23C5-4F93-A297-21E641C7BA83}.Release|x64.ActiveCfg = Release|x64
		{48347801-23C5-4F93-A297-21E641C7BA83}.Release|x64.Build.0 = Release|x64
		{48347801-23C5-4F93-A297-21E641C7BA83}.Release|x86.ActiveCfg = Release|x86
		{48347801-23C5-4F93-A297-21E641C7BA83}.Release|x86.Build.0 = Release|x86
		{4C3747BB-AABD-4953-8FDD-13B6269F7F9E}.Debug|Any CPU.ActiveCfg = Debug|Any CPU
		{4C3747BB-AABD-4953-8FDD-13B6269F7F9E}.Debug|Any CPU.Build.0 = Debug|Any CPU
		{4C3747BB-AABD-4953-8FDD-13B6269F7F9E}.Debug|x64.ActiveCfg = Debug|x64
		{4C3747BB-AABD-4953-8FDD-13B6269F7F9E}.Debug|x64.Build.0 = Debug|x64
		{4C3747BB-AABD-4953-8FDD-13B6269F7F9E}.Debug|x86.ActiveCfg = Debug|x86
		{4C3747BB-AABD-4953-8FDD-13B6269F7F9E}.Debug|x86.Build.0 = Debug|x86
		{4C3747BB-AABD-4953-8FDD-13B6269F7F9E}.Release|Any CPU.ActiveCfg = Release|Any CPU
		{4C3747BB-AABD-4953-8FDD-13B6269F7F9E}.Release|Any CPU.Build.0 = Release|Any CPU
		{4C3747BB-AABD-4953-8FDD-13B6269F7F9E}.Release|x64.ActiveCfg = Release|x64
		{4C3747BB-AABD-4953-8FDD-13B6269F7F9E}.Release|x64.Build.0 = Release|x64
		{4C3747BB-AABD-4953-8FDD-13B6269F7F9E}.Release|x86.ActiveCfg = Release|x86
		{4C3747BB-AABD-4953-8FDD-13B6269F7F9E}.Release|x86.Build.0 = Release|x86
		{7FB51E6B-4CEA-4FF8-A901-A099AB42CC2F}.Debug|Any CPU.ActiveCfg = Debug|Any CPU
		{7FB51E6B-4CEA-4FF8-A901-A099AB42CC2F}.Debug|Any CPU.Build.0 = Debug|Any CPU
		{7FB51E6B-4CEA-4FF8-A901-A099AB42CC2F}.Debug|x64.ActiveCfg = Debug|x64
		{7FB51E6B-4CEA-4FF8-A901-A099AB42CC2F}.Debug|x64.Build.0 = Debug|x64
		{7FB51E6B-4CEA-4FF8-A901-A099AB42CC2F}.Debug|x86.ActiveCfg = Debug|x86
		{7FB51E6B-4CEA-4FF8-A901-A099AB42CC2F}.Debug|x86.Build.0 = Debug|x86
		{7FB51E6B-4CEA-4FF8-A901-A099AB42CC2F}.Release|Any CPU.ActiveCfg = Release|Any CPU
		{7FB51E6B-4CEA-4FF8-A901-A099AB42CC2F}.Release|Any CPU.Build.0 = Release|Any CPU
		{7FB51E6B-4CEA-4FF8-A901-A099AB42CC2F}.Release|x64.ActiveCfg = Release|x64
		{7FB51E6B-4CEA-4FF8-A901-A099AB42CC2F}.Release|x64.Build.0 = Release|x64
		{7FB51E6B-4CEA-4FF8-A901-A099AB42CC2F}.Release|x86.ActiveCfg = Release|x86
		{7FB51E6B-4CEA-4FF8-A901-A099AB42CC2F}.Release|x86.Build.0 = Release|x86
		{C93F7187-AFA2-415A-A866-9D6E628B2977}.Debug|Any CPU.ActiveCfg = Debug|Any CPU
		{C93F7187-AFA2-415A-A866-9D6E628B2977}.Debug|Any CPU.Build.0 = Debug|Any CPU
		{C93F7187-AFA2-415A-A866-9D6E628B2977}.Debug|x64.ActiveCfg = Debug|x64
		{C93F7187-AFA2-415A-A866-9D6E628B2977}.Debug|x64.Build.0 = Debug|x64
		{C93F7187-AFA2-415A-A866-9D6E628B2977}.Debug|x86.ActiveCfg = Debug|x86
		{C93F7187-AFA2-415A-A866-9D6E628B2977}.Debug|x86.Build.0 = Debug|x86
		{C93F7187-AFA2-415A-A866-9D6E628B2977}.Release|Any CPU.ActiveCfg = Release|Any CPU
		{C93F7187-AFA2-415A-A866-9D6E628B2977}.Release|Any CPU.Build.0 = Release|Any CPU
		{C93F7187-AFA2-415A-A866-9D6E628B2977}.Release|x64.ActiveCfg = Release|x64
		{C93F7187-AFA2-415A-A866-9D6E628B2977}.Release|x64.Build.0 = Release|x64
		{C93F7187-AFA2-415A-A866-9D6E628B2977}.Release|x86.ActiveCfg = Release|x86
		{C93F7187-AFA2-415A-A866-9D6E628B2977}.Release|x86.Build.0 = Release|x86
		{745D7841-C5C8-43BD-87DE-99C06C6C22D3}.Debug|Any CPU.ActiveCfg = Debug|Any CPU
		{745D7841-C5C8-43BD-87DE-99C06C6C22D3}.Debug|Any CPU.Build.0 = Debug|Any CPU
		{745D7841-C5C8-43BD-87DE-99C06C6C22D3}.Debug|x64.ActiveCfg = Debug|x64
		{745D7841-C5C8-43BD-87DE-99C06C6C22D3}.Debug|x64.Build.0 = Debug|x64
		{745D7841-C5C8-43BD-87DE-99C06C6C22D3}.Debug|x86.ActiveCfg = Debug|x86
		{745D7841-C5C8-43BD-87DE-99C06C6C22D3}.Debug|x86.Build.0 = Debug|x86
		{745D7841-C5C8-43BD-87DE-99C06C6C22D3}.Release|Any CPU.ActiveCfg = Release|Any CPU
		{745D7841-C5C8-43BD-87DE-99C06C6C22D3}.Release|Any CPU.Build.0 = Release|Any CPU
		{745D7841-C5C8-43BD-87DE-99C06C6C22D3}.Release|x64.ActiveCfg = Release|x64
		{745D7841-C5C8-43BD-87DE-99C06C6C22D3}.Release|x64.Build.0 = Release|x64
		{745D7841-C5C8-43BD-87DE-99C06C6C22D3}.Release|x86.ActiveCfg = Release|x86
		{745D7841-C5C8-43BD-87DE-99C06C6C22D3}.Release|x86.Build.0 = Release|x86
		{6F288082-9CA2-42B0-9189-AADDCC3B906E}.Debug|Any CPU.ActiveCfg = Debug|Any CPU
		{6F288082-9CA2-42B0-9189-AADDCC3B906E}.Debug|Any CPU.Build.0 = Debug|Any CPU
		{6F288082-9CA2-42B0-9189-AADDCC3B906E}.Debug|x64.ActiveCfg = Debug|x64
		{6F288082-9CA2-42B0-9189-AADDCC3B906E}.Debug|x64.Build.0 = Debug|x64
		{6F288082-9CA2-42B0-9189-AADDCC3B906E}.Debug|x86.ActiveCfg = Debug|x86
		{6F288082-9CA2-42B0-9189-AADDCC3B906E}.Debug|x86.Build.0 = Debug|x86
		{6F288082-9CA2-42B0-9189-AADDCC3B906E}.Release|Any CPU.ActiveCfg = Release|Any CPU
		{6F288082-9CA2-42B0-9189-AADDCC3B906E}.Release|Any CPU.Build.0 = Release|Any CPU
		{6F288082-9CA2-42B0-9189-AADDCC3B906E}.Release|x64.ActiveCfg = Release|x64
		{6F288082-9CA2-42B0-9189-AADDCC3B906E}.Release|x64.Build.0 = Release|x64
		{6F288082-9CA2-42B0-9189-AADDCC3B906E}.Release|x86.ActiveCfg = Release|x86
		{6F288082-9CA2-42B0-9189-AADDCC3B906E}.Release|x86.Build.0 = Release|x86
		{748EE150-5B7D-41F4-B0E4-4EE6F487E102}.Debug|Any CPU.ActiveCfg = Debug|Any CPU
		{748EE150-5B7D-41F4-B0E4-4EE6F487E102}.Debug|Any CPU.Build.0 = Debug|Any CPU
		{748EE150-5B7D-41F4-B0E4-4EE6F487E102}.Debug|x64.ActiveCfg = Debug|Any CPU
		{748EE150-5B7D-41F4-B0E4-4EE6F487E102}.Debug|x64.Build.0 = Debug|Any CPU
		{748EE150-5B7D-41F4-B0E4-4EE6F487E102}.Debug|x86.ActiveCfg = Debug|Any CPU
		{748EE150-5B7D-41F4-B0E4-4EE6F487E102}.Debug|x86.Build.0 = Debug|Any CPU
		{748EE150-5B7D-41F4-B0E4-4EE6F487E102}.Release|Any CPU.ActiveCfg = Release|Any CPU
		{748EE150-5B7D-41F4-B0E4-4EE6F487E102}.Release|Any CPU.Build.0 = Release|Any CPU
		{748EE150-5B7D-41F4-B0E4-4EE6F487E102}.Release|x64.ActiveCfg = Release|Any CPU
		{748EE150-5B7D-41F4-B0E4-4EE6F487E102}.Release|x64.Build.0 = Release|Any CPU
		{748EE150-5B7D-41F4-B0E4-4EE6F487E102}.Release|x86.ActiveCfg = Release|Any CPU
		{748EE150-5B7D-41F4-B0E4-4EE6F487E102}.Release|x86.Build.0 = Release|Any CPU
		{0F8A514A-2036-4654-AC0B-D318899D7554}.Debug|Any CPU.ActiveCfg = Debug|Any CPU
		{0F8A514A-2036-4654-AC0B-D318899D7554}.Debug|Any CPU.Build.0 = Debug|Any CPU
		{0F8A514A-2036-4654-AC0B-D318899D7554}.Debug|x64.ActiveCfg = Debug|Any CPU
		{0F8A514A-2036-4654-AC0B-D318899D7554}.Debug|x64.Build.0 = Debug|Any CPU
		{0F8A514A-2036-4654-AC0B-D318899D7554}.Debug|x86.ActiveCfg = Debug|Any CPU
		{0F8A514A-2036-4654-AC0B-D318899D7554}.Debug|x86.Build.0 = Debug|Any CPU
		{0F8A514A-2036-4654-AC0B-D318899D7554}.Release|Any CPU.ActiveCfg = Release|Any CPU
		{0F8A514A-2036-4654-AC0B-D318899D7554}.Release|Any CPU.Build.0 = Release|Any CPU
		{0F8A514A-2036-4654-AC0B-D318899D7554}.Release|x64.ActiveCfg = Release|Any CPU
		{0F8A514A-2036-4654-AC0B-D318899D7554}.Release|x64.Build.0 = Release|Any CPU
		{0F8A514A-2036-4654-AC0B-D318899D7554}.Release|x86.ActiveCfg = Release|Any CPU
		{0F8A514A-2036-4654-AC0B-D318899D7554}.Release|x86.Build.0 = Release|Any CPU
		{2A95C788-1C55-4917-864B-C6C235C64EDB}.Debug|Any CPU.ActiveCfg = Debug|Any CPU
		{2A95C788-1C55-4917-864B-C6C235C64EDB}.Debug|Any CPU.Build.0 = Debug|Any CPU
		{2A95C788-1C55-4917-864B-C6C235C64EDB}.Debug|x64.ActiveCfg = Debug|Any CPU
		{2A95C788-1C55-4917-864B-C6C235C64EDB}.Debug|x64.Build.0 = Debug|Any CPU
		{2A95C788-1C55-4917-864B-C6C235C64EDB}.Debug|x86.ActiveCfg = Debug|Any CPU
		{2A95C788-1C55-4917-864B-C6C235C64EDB}.Debug|x86.Build.0 = Debug|Any CPU
		{2A95C788-1C55-4917-864B-C6C235C64EDB}.Release|Any CPU.ActiveCfg = Release|Any CPU
		{2A95C788-1C55-4917-864B-C6C235C64EDB}.Release|Any CPU.Build.0 = Release|Any CPU
		{2A95C788-1C55-4917-864B-C6C235C64EDB}.Release|x64.ActiveCfg = Release|Any CPU
		{2A95C788-1C55-4917-864B-C6C235C64EDB}.Release|x64.Build.0 = Release|Any CPU
		{2A95C788-1C55-4917-864B-C6C235C64EDB}.Release|x86.ActiveCfg = Release|Any CPU
		{2A95C788-1C55-4917-864B-C6C235C64EDB}.Release|x86.Build.0 = Release|Any CPU
		{2CE281EF-9F9B-431C-BAAB-C4CCF2F9C65C}.Debug|Any CPU.ActiveCfg = Debug|Any CPU
		{2CE281EF-9F9B-431C-BAAB-C4CCF2F9C65C}.Debug|Any CPU.Build.0 = Debug|Any CPU
		{2CE281EF-9F9B-431C-BAAB-C4CCF2F9C65C}.Debug|x64.ActiveCfg = Debug|Any CPU
		{2CE281EF-9F9B-431C-BAAB-C4CCF2F9C65C}.Debug|x64.Build.0 = Debug|Any CPU
		{2CE281EF-9F9B-431C-BAAB-C4CCF2F9C65C}.Debug|x86.ActiveCfg = Debug|Any CPU
		{2CE281EF-9F9B-431C-BAAB-C4CCF2F9C65C}.Debug|x86.Build.0 = Debug|Any CPU
		{2CE281EF-9F9B-431C-BAAB-C4CCF2F9C65C}.Release|Any CPU.ActiveCfg = Release|Any CPU
		{2CE281EF-9F9B-431C-BAAB-C4CCF2F9C65C}.Release|Any CPU.Build.0 = Release|Any CPU
		{2CE281EF-9F9B-431C-BAAB-C4CCF2F9C65C}.Release|x64.ActiveCfg = Release|Any CPU
		{2CE281EF-9F9B-431C-BAAB-C4CCF2F9C65C}.Release|x64.Build.0 = Release|Any CPU
		{2CE281EF-9F9B-431C-BAAB-C4CCF2F9C65C}.Release|x86.ActiveCfg = Release|Any CPU
		{2CE281EF-9F9B-431C-BAAB-C4CCF2F9C65C}.Release|x86.Build.0 = Release|Any CPU
		{17054765-5217-4B9A-89FE-1035B52C4598}.Debug|Any CPU.ActiveCfg = Debug|Any CPU
		{17054765-5217-4B9A-89FE-1035B52C4598}.Debug|Any CPU.Build.0 = Debug|Any CPU
		{17054765-5217-4B9A-89FE-1035B52C4598}.Debug|x64.ActiveCfg = Debug|Any CPU
		{17054765-5217-4B9A-89FE-1035B52C4598}.Debug|x64.Build.0 = Debug|Any CPU
		{17054765-5217-4B9A-89FE-1035B52C4598}.Debug|x86.ActiveCfg = Debug|Any CPU
		{17054765-5217-4B9A-89FE-1035B52C4598}.Debug|x86.Build.0 = Debug|Any CPU
		{17054765-5217-4B9A-89FE-1035B52C4598}.Release|Any CPU.ActiveCfg = Release|Any CPU
		{17054765-5217-4B9A-89FE-1035B52C4598}.Release|Any CPU.Build.0 = Release|Any CPU
		{17054765-5217-4B9A-89FE-1035B52C4598}.Release|x64.ActiveCfg = Release|Any CPU
		{17054765-5217-4B9A-89FE-1035B52C4598}.Release|x64.Build.0 = Release|Any CPU
		{17054765-5217-4B9A-89FE-1035B52C4598}.Release|x86.ActiveCfg = Release|Any CPU
		{17054765-5217-4B9A-89FE-1035B52C4598}.Release|x86.Build.0 = Release|Any CPU
		{FBDFF2E7-A96B-45E1-91F2-8355B13F9F2B}.Debug|Any CPU.ActiveCfg = Debug|Any CPU
		{FBDFF2E7-A96B-45E1-91F2-8355B13F9F2B}.Debug|Any CPU.Build.0 = Debug|Any CPU
		{FBDFF2E7-A96B-45E1-91F2-8355B13F9F2B}.Debug|x64.ActiveCfg = Debug|Any CPU
		{FBDFF2E7-A96B-45E1-91F2-8355B13F9F2B}.Debug|x64.Build.0 = Debug|Any CPU
		{FBDFF2E7-A96B-45E1-91F2-8355B13F9F2B}.Debug|x86.ActiveCfg = Debug|Any CPU
		{FBDFF2E7-A96B-45E1-91F2-8355B13F9F2B}.Debug|x86.Build.0 = Debug|Any CPU
		{FBDFF2E7-A96B-45E1-91F2-8355B13F9F2B}.Release|Any CPU.ActiveCfg = Release|Any CPU
		{FBDFF2E7-A96B-45E1-91F2-8355B13F9F2B}.Release|Any CPU.Build.0 = Release|Any CPU
		{FBDFF2E7-A96B-45E1-91F2-8355B13F9F2B}.Release|x64.ActiveCfg = Release|Any CPU
		{FBDFF2E7-A96B-45E1-91F2-8355B13F9F2B}.Release|x64.Build.0 = Release|Any CPU
		{FBDFF2E7-A96B-45E1-91F2-8355B13F9F2B}.Release|x86.ActiveCfg = Release|Any CPU
		{FBDFF2E7-A96B-45E1-91F2-8355B13F9F2B}.Release|x86.Build.0 = Release|Any CPU
		{5582FE11-F4F9-4D7A-9CA8-BC6AABDCBA0D}.Debug|Any CPU.ActiveCfg = Debug|Any CPU
		{5582FE11-F4F9-4D7A-9CA8-BC6AABDCBA0D}.Debug|Any CPU.Build.0 = Debug|Any CPU
		{5582FE11-F4F9-4D7A-9CA8-BC6AABDCBA0D}.Debug|x64.ActiveCfg = Debug|Any CPU
		{5582FE11-F4F9-4D7A-9CA8-BC6AABDCBA0D}.Debug|x64.Build.0 = Debug|Any CPU
		{5582FE11-F4F9-4D7A-9CA8-BC6AABDCBA0D}.Debug|x86.ActiveCfg = Debug|Any CPU
		{5582FE11-F4F9-4D7A-9CA8-BC6AABDCBA0D}.Debug|x86.Build.0 = Debug|Any CPU
		{5582FE11-F4F9-4D7A-9CA8-BC6AABDCBA0D}.Release|Any CPU.ActiveCfg = Release|Any CPU
		{5582FE11-F4F9-4D7A-9CA8-BC6AABDCBA0D}.Release|Any CPU.Build.0 = Release|Any CPU
		{5582FE11-F4F9-4D7A-9CA8-BC6AABDCBA0D}.Release|x64.ActiveCfg = Release|Any CPU
		{5582FE11-F4F9-4D7A-9CA8-BC6AABDCBA0D}.Release|x64.Build.0 = Release|Any CPU
		{5582FE11-F4F9-4D7A-9CA8-BC6AABDCBA0D}.Release|x86.ActiveCfg = Release|Any CPU
		{5582FE11-F4F9-4D7A-9CA8-BC6AABDCBA0D}.Release|x86.Build.0 = Release|Any CPU
		{F6701112-F1C5-4583-B329-B077F350F669}.Debug|Any CPU.ActiveCfg = Debug|Any CPU
		{F6701112-F1C5-4583-B329-B077F350F669}.Debug|Any CPU.Build.0 = Debug|Any CPU
		{F6701112-F1C5-4583-B329-B077F350F669}.Debug|x64.ActiveCfg = Debug|Any CPU
		{F6701112-F1C5-4583-B329-B077F350F669}.Debug|x64.Build.0 = Debug|Any CPU
		{F6701112-F1C5-4583-B329-B077F350F669}.Debug|x86.ActiveCfg = Debug|Any CPU
		{F6701112-F1C5-4583-B329-B077F350F669}.Debug|x86.Build.0 = Debug|Any CPU
		{F6701112-F1C5-4583-B329-B077F350F669}.Release|Any CPU.ActiveCfg = Release|Any CPU
		{F6701112-F1C5-4583-B329-B077F350F669}.Release|Any CPU.Build.0 = Release|Any CPU
		{F6701112-F1C5-4583-B329-B077F350F669}.Release|x64.ActiveCfg = Release|Any CPU
		{F6701112-F1C5-4583-B329-B077F350F669}.Release|x64.Build.0 = Release|Any CPU
		{F6701112-F1C5-4583-B329-B077F350F669}.Release|x86.ActiveCfg = Release|Any CPU
		{F6701112-F1C5-4583-B329-B077F350F669}.Release|x86.Build.0 = Release|Any CPU
		{ACBB3E44-6172-450E-8EFD-801BDD4A2486}.Debug|Any CPU.ActiveCfg = Debug|Any CPU
		{ACBB3E44-6172-450E-8EFD-801BDD4A2486}.Debug|Any CPU.Build.0 = Debug|Any CPU
		{ACBB3E44-6172-450E-8EFD-801BDD4A2486}.Debug|x64.ActiveCfg = Debug|Any CPU
		{ACBB3E44-6172-450E-8EFD-801BDD4A2486}.Debug|x64.Build.0 = Debug|Any CPU
		{ACBB3E44-6172-450E-8EFD-801BDD4A2486}.Debug|x86.ActiveCfg = Debug|Any CPU
		{ACBB3E44-6172-450E-8EFD-801BDD4A2486}.Debug|x86.Build.0 = Debug|Any CPU
		{ACBB3E44-6172-450E-8EFD-801BDD4A2486}.Release|Any CPU.ActiveCfg = Release|Any CPU
		{ACBB3E44-6172-450E-8EFD-801BDD4A2486}.Release|Any CPU.Build.0 = Release|Any CPU
		{ACBB3E44-6172-450E-8EFD-801BDD4A2486}.Release|x64.ActiveCfg = Release|Any CPU
		{ACBB3E44-6172-450E-8EFD-801BDD4A2486}.Release|x64.Build.0 = Release|Any CPU
		{ACBB3E44-6172-450E-8EFD-801BDD4A2486}.Release|x86.ActiveCfg = Release|Any CPU
		{ACBB3E44-6172-450E-8EFD-801BDD4A2486}.Release|x86.Build.0 = Release|Any CPU
		{FAC6E202-8DB1-43D1-9BDC-A59F5419F611}.Debug|Any CPU.ActiveCfg = Debug|Any CPU
		{FAC6E202-8DB1-43D1-9BDC-A59F5419F611}.Debug|Any CPU.Build.0 = Debug|Any CPU
		{FAC6E202-8DB1-43D1-9BDC-A59F5419F611}.Debug|x64.ActiveCfg = Debug|Any CPU
		{FAC6E202-8DB1-43D1-9BDC-A59F5419F611}.Debug|x64.Build.0 = Debug|Any CPU
		{FAC6E202-8DB1-43D1-9BDC-A59F5419F611}.Debug|x86.ActiveCfg = Debug|Any CPU
		{FAC6E202-8DB1-43D1-9BDC-A59F5419F611}.Debug|x86.Build.0 = Debug|Any CPU
		{FAC6E202-8DB1-43D1-9BDC-A59F5419F611}.Release|Any CPU.ActiveCfg = Release|Any CPU
		{FAC6E202-8DB1-43D1-9BDC-A59F5419F611}.Release|Any CPU.Build.0 = Release|Any CPU
		{FAC6E202-8DB1-43D1-9BDC-A59F5419F611}.Release|x64.ActiveCfg = Release|Any CPU
		{FAC6E202-8DB1-43D1-9BDC-A59F5419F611}.Release|x64.Build.0 = Release|Any CPU
		{FAC6E202-8DB1-43D1-9BDC-A59F5419F611}.Release|x86.ActiveCfg = Release|Any CPU
		{FAC6E202-8DB1-43D1-9BDC-A59F5419F611}.Release|x86.Build.0 = Release|Any CPU
		{7ECE10D7-6952-4444-A4B0-3A614CB3AEFD}.Debug|Any CPU.ActiveCfg = Debug|Any CPU
		{7ECE10D7-6952-4444-A4B0-3A614CB3AEFD}.Debug|Any CPU.Build.0 = Debug|Any CPU
		{7ECE10D7-6952-4444-A4B0-3A614CB3AEFD}.Debug|x64.ActiveCfg = Debug|Any CPU
		{7ECE10D7-6952-4444-A4B0-3A614CB3AEFD}.Debug|x64.Build.0 = Debug|Any CPU
		{7ECE10D7-6952-4444-A4B0-3A614CB3AEFD}.Debug|x86.ActiveCfg = Debug|Any CPU
		{7ECE10D7-6952-4444-A4B0-3A614CB3AEFD}.Debug|x86.Build.0 = Debug|Any CPU
		{7ECE10D7-6952-4444-A4B0-3A614CB3AEFD}.Release|Any CPU.ActiveCfg = Release|Any CPU
		{7ECE10D7-6952-4444-A4B0-3A614CB3AEFD}.Release|Any CPU.Build.0 = Release|Any CPU
		{7ECE10D7-6952-4444-A4B0-3A614CB3AEFD}.Release|x64.ActiveCfg = Release|Any CPU
		{7ECE10D7-6952-4444-A4B0-3A614CB3AEFD}.Release|x64.Build.0 = Release|Any CPU
		{7ECE10D7-6952-4444-A4B0-3A614CB3AEFD}.Release|x86.ActiveCfg = Release|Any CPU
		{7ECE10D7-6952-4444-A4B0-3A614CB3AEFD}.Release|x86.Build.0 = Release|Any CPU
		{46AF425A-3E66-4C41-9BAD-C386CB12C471}.Debug|Any CPU.ActiveCfg = Debug|Any CPU
		{46AF425A-3E66-4C41-9BAD-C386CB12C471}.Debug|Any CPU.Build.0 = Debug|Any CPU
		{46AF425A-3E66-4C41-9BAD-C386CB12C471}.Debug|x64.ActiveCfg = Debug|Any CPU
		{46AF425A-3E66-4C41-9BAD-C386CB12C471}.Debug|x64.Build.0 = Debug|Any CPU
		{46AF425A-3E66-4C41-9BAD-C386CB12C471}.Debug|x86.ActiveCfg = Debug|Any CPU
		{46AF425A-3E66-4C41-9BAD-C386CB12C471}.Debug|x86.Build.0 = Debug|Any CPU
		{46AF425A-3E66-4C41-9BAD-C386CB12C471}.Release|Any CPU.ActiveCfg = Release|Any CPU
		{46AF425A-3E66-4C41-9BAD-C386CB12C471}.Release|Any CPU.Build.0 = Release|Any CPU
		{46AF425A-3E66-4C41-9BAD-C386CB12C471}.Release|x64.ActiveCfg = Release|Any CPU
		{46AF425A-3E66-4C41-9BAD-C386CB12C471}.Release|x64.Build.0 = Release|Any CPU
		{46AF425A-3E66-4C41-9BAD-C386CB12C471}.Release|x86.ActiveCfg = Release|Any CPU
		{46AF425A-3E66-4C41-9BAD-C386CB12C471}.Release|x86.Build.0 = Release|Any CPU
		{3F6E497B-5F4A-45DA-82B1-D9D8EE962E9C}.Debug|Any CPU.ActiveCfg = Debug|Any CPU
		{3F6E497B-5F4A-45DA-82B1-D9D8EE962E9C}.Debug|Any CPU.Build.0 = Debug|Any CPU
		{3F6E497B-5F4A-45DA-82B1-D9D8EE962E9C}.Debug|x64.ActiveCfg = Debug|Any CPU
		{3F6E497B-5F4A-45DA-82B1-D9D8EE962E9C}.Debug|x64.Build.0 = Debug|Any CPU
		{3F6E497B-5F4A-45DA-82B1-D9D8EE962E9C}.Debug|x86.ActiveCfg = Debug|Any CPU
		{3F6E497B-5F4A-45DA-82B1-D9D8EE962E9C}.Debug|x86.Build.0 = Debug|Any CPU
		{3F6E497B-5F4A-45DA-82B1-D9D8EE962E9C}.Release|Any CPU.ActiveCfg = Release|Any CPU
		{3F6E497B-5F4A-45DA-82B1-D9D8EE962E9C}.Release|Any CPU.Build.0 = Release|Any CPU
		{3F6E497B-5F4A-45DA-82B1-D9D8EE962E9C}.Release|x64.ActiveCfg = Release|Any CPU
		{3F6E497B-5F4A-45DA-82B1-D9D8EE962E9C}.Release|x64.Build.0 = Release|Any CPU
		{3F6E497B-5F4A-45DA-82B1-D9D8EE962E9C}.Release|x86.ActiveCfg = Release|Any CPU
		{3F6E497B-5F4A-45DA-82B1-D9D8EE962E9C}.Release|x86.Build.0 = Release|Any CPU
		{8D775D4F-F1AF-4003-AD0D-A0E7066E2E52}.Debug|Any CPU.ActiveCfg = Debug|Any CPU
		{8D775D4F-F1AF-4003-AD0D-A0E7066E2E52}.Debug|Any CPU.Build.0 = Debug|Any CPU
		{8D775D4F-F1AF-4003-AD0D-A0E7066E2E52}.Debug|x64.ActiveCfg = Debug|Any CPU
		{8D775D4F-F1AF-4003-AD0D-A0E7066E2E52}.Debug|x64.Build.0 = Debug|Any CPU
		{8D775D4F-F1AF-4003-AD0D-A0E7066E2E52}.Debug|x86.ActiveCfg = Debug|Any CPU
		{8D775D4F-F1AF-4003-AD0D-A0E7066E2E52}.Debug|x86.Build.0 = Debug|Any CPU
		{8D775D4F-F1AF-4003-AD0D-A0E7066E2E52}.Release|Any CPU.ActiveCfg = Release|Any CPU
		{8D775D4F-F1AF-4003-AD0D-A0E7066E2E52}.Release|Any CPU.Build.0 = Release|Any CPU
		{8D775D4F-F1AF-4003-AD0D-A0E7066E2E52}.Release|x64.ActiveCfg = Release|Any CPU
		{8D775D4F-F1AF-4003-AD0D-A0E7066E2E52}.Release|x64.Build.0 = Release|Any CPU
		{8D775D4F-F1AF-4003-AD0D-A0E7066E2E52}.Release|x86.ActiveCfg = Release|Any CPU
		{8D775D4F-F1AF-4003-AD0D-A0E7066E2E52}.Release|x86.Build.0 = Release|Any CPU
		{1902C5AC-8F1C-4608-94CE-EB655A8EDE3E}.Debug|Any CPU.ActiveCfg = Debug|Any CPU
		{1902C5AC-8F1C-4608-94CE-EB655A8EDE3E}.Debug|Any CPU.Build.0 = Debug|Any CPU
		{1902C5AC-8F1C-4608-94CE-EB655A8EDE3E}.Debug|x64.ActiveCfg = Debug|Any CPU
		{1902C5AC-8F1C-4608-94CE-EB655A8EDE3E}.Debug|x64.Build.0 = Debug|Any CPU
		{1902C5AC-8F1C-4608-94CE-EB655A8EDE3E}.Debug|x86.ActiveCfg = Debug|Any CPU
		{1902C5AC-8F1C-4608-94CE-EB655A8EDE3E}.Debug|x86.Build.0 = Debug|Any CPU
		{1902C5AC-8F1C-4608-94CE-EB655A8EDE3E}.Release|Any CPU.ActiveCfg = Release|Any CPU
		{1902C5AC-8F1C-4608-94CE-EB655A8EDE3E}.Release|Any CPU.Build.0 = Release|Any CPU
		{1902C5AC-8F1C-4608-94CE-EB655A8EDE3E}.Release|x64.ActiveCfg = Release|Any CPU
		{1902C5AC-8F1C-4608-94CE-EB655A8EDE3E}.Release|x64.Build.0 = Release|Any CPU
		{1902C5AC-8F1C-4608-94CE-EB655A8EDE3E}.Release|x86.ActiveCfg = Release|Any CPU
		{1902C5AC-8F1C-4608-94CE-EB655A8EDE3E}.Release|x86.Build.0 = Release|Any CPU
		{9C1CBBFA-242B-42E1-B3B0-DBC50E9A5443}.Debug|Any CPU.ActiveCfg = Debug|Any CPU
		{9C1CBBFA-242B-42E1-B3B0-DBC50E9A5443}.Debug|Any CPU.Build.0 = Debug|Any CPU
		{9C1CBBFA-242B-42E1-B3B0-DBC50E9A5443}.Debug|x64.ActiveCfg = Debug|Any CPU
		{9C1CBBFA-242B-42E1-B3B0-DBC50E9A5443}.Debug|x64.Build.0 = Debug|Any CPU
		{9C1CBBFA-242B-42E1-B3B0-DBC50E9A5443}.Debug|x86.ActiveCfg = Debug|Any CPU
		{9C1CBBFA-242B-42E1-B3B0-DBC50E9A5443}.Debug|x86.Build.0 = Debug|Any CPU
		{9C1CBBFA-242B-42E1-B3B0-DBC50E9A5443}.Release|Any CPU.ActiveCfg = Release|Any CPU
		{9C1CBBFA-242B-42E1-B3B0-DBC50E9A5443}.Release|Any CPU.Build.0 = Release|Any CPU
		{9C1CBBFA-242B-42E1-B3B0-DBC50E9A5443}.Release|x64.ActiveCfg = Release|Any CPU
		{9C1CBBFA-242B-42E1-B3B0-DBC50E9A5443}.Release|x64.Build.0 = Release|Any CPU
		{9C1CBBFA-242B-42E1-B3B0-DBC50E9A5443}.Release|x86.ActiveCfg = Release|Any CPU
		{9C1CBBFA-242B-42E1-B3B0-DBC50E9A5443}.Release|x86.Build.0 = Release|Any CPU
		{51A53C7B-38B1-4030-8266-3A3FC25E5CE6}.Debug|Any CPU.ActiveCfg = Debug|Any CPU
		{51A53C7B-38B1-4030-8266-3A3FC25E5CE6}.Debug|Any CPU.Build.0 = Debug|Any CPU
		{51A53C7B-38B1-4030-8266-3A3FC25E5CE6}.Debug|x64.ActiveCfg = Debug|Any CPU
		{51A53C7B-38B1-4030-8266-3A3FC25E5CE6}.Debug|x64.Build.0 = Debug|Any CPU
		{51A53C7B-38B1-4030-8266-3A3FC25E5CE6}.Debug|x86.ActiveCfg = Debug|Any CPU
		{51A53C7B-38B1-4030-8266-3A3FC25E5CE6}.Debug|x86.Build.0 = Debug|Any CPU
		{51A53C7B-38B1-4030-8266-3A3FC25E5CE6}.Release|Any CPU.ActiveCfg = Release|Any CPU
		{51A53C7B-38B1-4030-8266-3A3FC25E5CE6}.Release|Any CPU.Build.0 = Release|Any CPU
		{51A53C7B-38B1-4030-8266-3A3FC25E5CE6}.Release|x64.ActiveCfg = Release|Any CPU
		{51A53C7B-38B1-4030-8266-3A3FC25E5CE6}.Release|x64.Build.0 = Release|Any CPU
		{51A53C7B-38B1-4030-8266-3A3FC25E5CE6}.Release|x86.ActiveCfg = Release|Any CPU
		{51A53C7B-38B1-4030-8266-3A3FC25E5CE6}.Release|x86.Build.0 = Release|Any CPU
		{5B95BC4A-78B2-4442-8E1E-945BE036F15D}.Debug|Any CPU.ActiveCfg = Debug|Any CPU
		{5B95BC4A-78B2-4442-8E1E-945BE036F15D}.Debug|Any CPU.Build.0 = Debug|Any CPU
		{5B95BC4A-78B2-4442-8E1E-945BE036F15D}.Debug|x64.ActiveCfg = Debug|Any CPU
		{5B95BC4A-78B2-4442-8E1E-945BE036F15D}.Debug|x64.Build.0 = Debug|Any CPU
		{5B95BC4A-78B2-4442-8E1E-945BE036F15D}.Debug|x86.ActiveCfg = Debug|Any CPU
		{5B95BC4A-78B2-4442-8E1E-945BE036F15D}.Debug|x86.Build.0 = Debug|Any CPU
		{5B95BC4A-78B2-4442-8E1E-945BE036F15D}.Release|Any CPU.ActiveCfg = Release|Any CPU
		{5B95BC4A-78B2-4442-8E1E-945BE036F15D}.Release|Any CPU.Build.0 = Release|Any CPU
		{5B95BC4A-78B2-4442-8E1E-945BE036F15D}.Release|x64.ActiveCfg = Release|Any CPU
		{5B95BC4A-78B2-4442-8E1E-945BE036F15D}.Release|x64.Build.0 = Release|Any CPU
		{5B95BC4A-78B2-4442-8E1E-945BE036F15D}.Release|x86.ActiveCfg = Release|Any CPU
		{5B95BC4A-78B2-4442-8E1E-945BE036F15D}.Release|x86.Build.0 = Release|Any CPU
		{3EEB7D47-DEB8-4004-A466-3A9020D87FDC}.Debug|Any CPU.ActiveCfg = Debug|Any CPU
		{3EEB7D47-DEB8-4004-A466-3A9020D87FDC}.Debug|Any CPU.Build.0 = Debug|Any CPU
		{3EEB7D47-DEB8-4004-A466-3A9020D87FDC}.Debug|x64.ActiveCfg = Debug|Any CPU
		{3EEB7D47-DEB8-4004-A466-3A9020D87FDC}.Debug|x64.Build.0 = Debug|Any CPU
		{3EEB7D47-DEB8-4004-A466-3A9020D87FDC}.Debug|x86.ActiveCfg = Debug|Any CPU
		{3EEB7D47-DEB8-4004-A466-3A9020D87FDC}.Debug|x86.Build.0 = Debug|Any CPU
		{3EEB7D47-DEB8-4004-A466-3A9020D87FDC}.Release|Any CPU.ActiveCfg = Release|Any CPU
		{3EEB7D47-DEB8-4004-A466-3A9020D87FDC}.Release|Any CPU.Build.0 = Release|Any CPU
		{3EEB7D47-DEB8-4004-A466-3A9020D87FDC}.Release|x64.ActiveCfg = Release|Any CPU
		{3EEB7D47-DEB8-4004-A466-3A9020D87FDC}.Release|x64.Build.0 = Release|Any CPU
		{3EEB7D47-DEB8-4004-A466-3A9020D87FDC}.Release|x86.ActiveCfg = Release|Any CPU
		{3EEB7D47-DEB8-4004-A466-3A9020D87FDC}.Release|x86.Build.0 = Release|Any CPU
		{F033B03A-6B2F-425A-A987-5E8EAF145C1C}.Debug|Any CPU.ActiveCfg = Debug|Any CPU
		{F033B03A-6B2F-425A-A987-5E8EAF145C1C}.Debug|Any CPU.Build.0 = Debug|Any CPU
		{F033B03A-6B2F-425A-A987-5E8EAF145C1C}.Debug|x64.ActiveCfg = Debug|Any CPU
		{F033B03A-6B2F-425A-A987-5E8EAF145C1C}.Debug|x64.Build.0 = Debug|Any CPU
		{F033B03A-6B2F-425A-A987-5E8EAF145C1C}.Debug|x86.ActiveCfg = Debug|Any CPU
		{F033B03A-6B2F-425A-A987-5E8EAF145C1C}.Debug|x86.Build.0 = Debug|Any CPU
		{F033B03A-6B2F-425A-A987-5E8EAF145C1C}.Release|Any CPU.ActiveCfg = Release|Any CPU
		{F033B03A-6B2F-425A-A987-5E8EAF145C1C}.Release|Any CPU.Build.0 = Release|Any CPU
		{F033B03A-6B2F-425A-A987-5E8EAF145C1C}.Release|x64.ActiveCfg = Release|Any CPU
		{F033B03A-6B2F-425A-A987-5E8EAF145C1C}.Release|x64.Build.0 = Release|Any CPU
		{F033B03A-6B2F-425A-A987-5E8EAF145C1C}.Release|x86.ActiveCfg = Release|Any CPU
		{F033B03A-6B2F-425A-A987-5E8EAF145C1C}.Release|x86.Build.0 = Release|Any CPU
	EndGlobalSection
	GlobalSection(SolutionProperties) = preSolution
		HideSolutionNode = FALSE
	EndGlobalSection
	GlobalSection(NestedProjects) = preSolution
		{D6709A69-7251-464B-BCFB-ACCFE5546B53} = {D3421888-5AEF-4D20-8D67-20E9F0996150}
		{92D1DB03-0FBF-4A43-A454-9D8BF49242A1} = {D6709A69-7251-464B-BCFB-ACCFE5546B53}
		{DE40E881-D2C3-4546-A312-700301F22BB1} = {D6709A69-7251-464B-BCFB-ACCFE5546B53}
		{FAFD6A75-FF7B-4478-8F38-15292A11A3C4} = {D6709A69-7251-464B-BCFB-ACCFE5546B53}
		{48347801-23C5-4F93-A297-21E641C7BA83} = {D6709A69-7251-464B-BCFB-ACCFE5546B53}
		{4C3747BB-AABD-4953-8FDD-13B6269F7F9E} = {8D5D77B3-15B1-49B5-845C-57042D531DBC}
		{7FB51E6B-4CEA-4FF8-A901-A099AB42CC2F} = {8D5D77B3-15B1-49B5-845C-57042D531DBC}
		{C93F7187-AFA2-415A-A866-9D6E628B2977} = {8D5D77B3-15B1-49B5-845C-57042D531DBC}
		{745D7841-C5C8-43BD-87DE-99C06C6C22D3} = {8D5D77B3-15B1-49B5-845C-57042D531DBC}
		{6F288082-9CA2-42B0-9189-AADDCC3B906E} = {8D5D77B3-15B1-49B5-845C-57042D531DBC}
		{94E405B5-03D5-98E8-A1F8-B01959DCEB28} = {D3421888-5AEF-4D20-8D67-20E9F0996150}
		{748EE150-5B7D-41F4-B0E4-4EE6F487E102} = {94E405B5-03D5-98E8-A1F8-B01959DCEB28}
		{0F8A514A-2036-4654-AC0B-D318899D7554} = {94E405B5-03D5-98E8-A1F8-B01959DCEB28}
		{2A95C788-1C55-4917-864B-C6C235C64EDB} = {94E405B5-03D5-98E8-A1F8-B01959DCEB28}
		{2CE281EF-9F9B-431C-BAAB-C4CCF2F9C65C} = {94E405B5-03D5-98E8-A1F8-B01959DCEB28}
		{4118BFA2-BCC0-8ED8-68DD-9D245890E5C0} = {D3421888-5AEF-4D20-8D67-20E9F0996150}
		{17054765-5217-4B9A-89FE-1035B52C4598} = {4118BFA2-BCC0-8ED8-68DD-9D245890E5C0}
		{FBDFF2E7-A96B-45E1-91F2-8355B13F9F2B} = {4118BFA2-BCC0-8ED8-68DD-9D245890E5C0}
		{5582FE11-F4F9-4D7A-9CA8-BC6AABDCBA0D} = {4118BFA2-BCC0-8ED8-68DD-9D245890E5C0}
		{F6701112-F1C5-4583-B329-B077F350F669} = {4118BFA2-BCC0-8ED8-68DD-9D245890E5C0}
		{673DCC8E-3A57-A8FE-2F33-B7F036EEE4DD} = {D3421888-5AEF-4D20-8D67-20E9F0996150}
		{ACBB3E44-6172-450E-8EFD-801BDD4A2486} = {673DCC8E-3A57-A8FE-2F33-B7F036EEE4DD}
		{FAC6E202-8DB1-43D1-9BDC-A59F5419F611} = {673DCC8E-3A57-A8FE-2F33-B7F036EEE4DD}
		{7ECE10D7-6952-4444-A4B0-3A614CB3AEFD} = {673DCC8E-3A57-A8FE-2F33-B7F036EEE4DD}
		{46AF425A-3E66-4C41-9BAD-C386CB12C471} = {673DCC8E-3A57-A8FE-2F33-B7F036EEE4DD}
		{861EE85C-BDAA-D05A-BD7F-E25548D094F8} = {D3421888-5AEF-4D20-8D67-20E9F0996150}
		{3F6E497B-5F4A-45DA-82B1-D9D8EE962E9C} = {861EE85C-BDAA-D05A-BD7F-E25548D094F8}
		{8D775D4F-F1AF-4003-AD0D-A0E7066E2E52} = {861EE85C-BDAA-D05A-BD7F-E25548D094F8}
		{1902C5AC-8F1C-4608-94CE-EB655A8EDE3E} = {861EE85C-BDAA-D05A-BD7F-E25548D094F8}
		{9C1CBBFA-242B-42E1-B3B0-DBC50E9A5443} = {861EE85C-BDAA-D05A-BD7F-E25548D094F8}
		{4C0F172E-8DE8-6B86-D4B3-41CC2E497DC4} = {D3421888-5AEF-4D20-8D67-20E9F0996150}
		{51A53C7B-38B1-4030-8266-3A3FC25E5CE6} = {4C0F172E-8DE8-6B86-D4B3-41CC2E497DC4}
		{5B95BC4A-78B2-4442-8E1E-945BE036F15D} = {4C0F172E-8DE8-6B86-D4B3-41CC2E497DC4}
		{3EEB7D47-DEB8-4004-A466-3A9020D87FDC} = {4C0F172E-8DE8-6B86-D4B3-41CC2E497DC4}
		{F033B03A-6B2F-425A-A987-5E8EAF145C1C} = {4C0F172E-8DE8-6B86-D4B3-41CC2E497DC4}
	EndGlobalSection
	GlobalSection(ExtensionibilityGlobals) = postSolution
		SolutionGuid = {D1C2FE48-1FA2-4A08-8926-C936CBCACC19}
	EndGlobalSection
EndGlobal
